
Microsoft Visual Studio Solution File, Format Version 12.00
# Visual Studio 2012
Project("{FAE04EC0-301F-11D3-BF4B-00C04F79EFBC}") = "WineHangoutz", "WineHangoutz.csproj", "{19967747-2AC6-49DA-8AE0-0DB0454C4F52}"
EndProject
Global
	GlobalSection(SolutionConfigurationPlatforms) = preSolution
		Debug|iPhoneSimulator = Debug|iPhoneSimulator
		Release|iPhone = Release|iPhone
		Release|iPhoneSimulator = Release|iPhoneSimulator
		Debug|iPhone = Debug|iPhone
	EndGlobalSection
	GlobalSection(ProjectConfigurationPlatforms) = postSolution
		{19967747-2AC6-49DA-8AE0-0DB0454C4F52}.Debug|iPhoneSimulator.ActiveCfg = Debug|iPhoneSimulator
		{19967747-2AC6-49DA-8AE0-0DB0454C4F52}.Debug|iPhoneSimulator.Build.0 = Debug|iPhoneSimulator
		{19967747-2AC6-49DA-8AE0-0DB0454C4F52}.Release|iPhone.ActiveCfg = Release|iPhone
		{19967747-2AC6-49DA-8AE0-0DB0454C4F52}.Release|iPhone.Build.0 = Release|iPhone
		{19967747-2AC6-49DA-8AE0-0DB0454C4F52}.Release|iPhoneSimulator.ActiveCfg = Release|iPhoneSimulator
		{19967747-2AC6-49DA-8AE0-0DB0454C4F52}.Release|iPhoneSimulator.Build.0 = Release|iPhoneSimulator
		{19967747-2AC6-49DA-8AE0-0DB0454C4F52}.Debug|iPhone.ActiveCfg = Debug|iPhone
		{19967747-2AC6-49DA-8AE0-0DB0454C4F52}.Debug|iPhone.Build.0 = Debug|iPhone
	EndGlobalSection
EndGlobal
